
Microsoft Visual Studio Solution File, Format Version 12.00
# Visual Studio 15
VisualStudioVersion = 15.0.26430.16
MinimumVisualStudioVersion = 10.0.40219.1
Project("{9A19103F-16F7-4668-BE54-9A1E7A4F7556}") = "Runtime", "Runtime\Runtime.csproj", "{1D14DBEB-4FE8-48E2-B564-5813E279CEB0}"
EndProject
Project("{FAE04EC0-301F-11D3-BF4B-00C04F79EFBC}") = "TestClient", "TestClient\TestClient.csproj", "{59CF0995-A978-4D78-8484-AD8095DD40B3}"
EndProject
Project("{FAE04EC0-301F-11D3-BF4B-00C04F79EFBC}") = "TestServer", "TestServer\TestServer.csproj", "{65F7E5ED-ACBE-483D-A04E-D84F1FF44583}"
EndProject
Global
	GlobalSection(SolutionConfigurationPlatforms) = preSolution
		Debug|Any CPU = Debug|Any CPU
		Release|Any CPU = Release|Any CPU
	EndGlobalSection
	GlobalSection(ProjectConfigurationPlatforms) = postSolution
		{1D14DBEB-4FE8-48E2-B564-5813E279CEB0}.Debug|Any CPU.ActiveCfg = Debug|Any CPU
		{1D14DBEB-4FE8-48E2-B564-5813E279CEB0}.Debug|Any CPU.Build.0 = Debug|Any CPU
		{1D14DBEB-4FE8-48E2-B564-5813E279CEB0}.Release|Any CPU.ActiveCfg = Release|Any CPU
		{1D14DBEB-4FE8-48E2-B564-5813E279CEB0}.Release|Any CPU.Build.0 = Release|Any CPU
		{59CF0995-A978-4D78-8484-AD8095DD40B3}.Debug|Any CPU.ActiveCfg = Debug|Any CPU
		{59CF0995-A978-4D78-8484-AD8095DD40B3}.Debug|Any CPU.Build.0 = Debug|Any CPU
		{59CF0995-A978-4D78-8484-AD8095DD40B3}.Release|Any CPU.ActiveCfg = Release|Any CPU
		{59CF0995-A978-4D78-8484-AD8095DD40B3}.Release|Any CPU.Build.0 = Release|Any CPU
		{65F7E5ED-ACBE-483D-A04E-D84F1FF44583}.Debug|Any CPU.ActiveCfg = Debug|Any CPU
		{65F7E5ED-ACBE-483D-A04E-D84F1FF44583}.Debug|Any CPU.Build.0 = Debug|Any CPU
		{65F7E5ED-ACBE-483D-A04E-D84F1FF44583}.Release|Any CPU.ActiveCfg = Release|Any CPU
		{65F7E5ED-ACBE-483D-A04E-D84F1FF44583}.Release|Any CPU.Build.0 = Release|Any CPU
	EndGlobalSection
	GlobalSection(SolutionProperties) = preSolution
		HideSolutionNode = FALSE
	EndGlobalSection
	GlobalSection(ExtensibilityGlobals) = postSolution
		SolutionGuid = {7E3D5001-D0EC-4A47-BF95-131B22C1FAA5}
	EndGlobalSection
EndGlobal
